
Microsoft Visual Studio Solution File, Format Version 12.00
# Visual Studio 15
VisualStudioVersion = 15.0.28307.271
MinimumVisualStudioVersion = 10.0.40219.1
Project("{9092AA53-FB77-4645-B42D-1CCCA6BD08BD}") = "CalcGrades", "CalcGrades\CalcGrades.njsproj", "{571A7691-A94D-4588-81FA-61E7D7D8484D}"
EndProject
Global
	GlobalSection(SolutionConfigurationPlatforms) = preSolution
		Debug|Any CPU = Debug|Any CPU
		Release|Any CPU = Release|Any CPU
	EndGlobalSection
	GlobalSection(ProjectConfigurationPlatforms) = postSolution
		{571A7691-A94D-4588-81FA-61E7D7D8484D}.Debug|Any CPU.ActiveCfg = Debug|Any CPU
		{571A7691-A94D-4588-81FA-61E7D7D8484D}.Debug|Any CPU.Build.0 = Debug|Any CPU
		{571A7691-A94D-4588-81FA-61E7D7D8484D}.Release|Any CPU.ActiveCfg = Release|Any CPU
		{571A7691-A94D-4588-81FA-61E7D7D8484D}.Release|Any CPU.Build.0 = Release|Any CPU
	EndGlobalSection
	GlobalSection(SolutionProperties) = preSolution
		HideSolutionNode = FALSE
	EndGlobalSection
	GlobalSection(ExtensibilityGlobals) = postSolution
		SolutionGuid = {F70F2962-48A9-4903-800C-F595943EC08C}
	EndGlobalSection
EndGlobal
