
Microsoft Visual Studio Solution File, Format Version 12.00
# Visual Studio 15
VisualStudioVersion = 15.0.28307.271
MinimumVisualStudioVersion = 10.0.40219.1
Project("{9092AA53-FB77-4645-B42D-1CCCA6BD08BD}") = "PrimeNumbers", "PrimeNumbers.njsproj", "{2391A94A-9FB3-4592-BE68-0B5EC8778567}"
EndProject
Global
	GlobalSection(SolutionConfigurationPlatforms) = preSolution
		Debug|Any CPU = Debug|Any CPU
		Release|Any CPU = Release|Any CPU
	EndGlobalSection
	GlobalSection(ProjectConfigurationPlatforms) = postSolution
		{2391A94A-9FB3-4592-BE68-0B5EC8778567}.Debug|Any CPU.ActiveCfg = Debug|Any CPU
		{2391A94A-9FB3-4592-BE68-0B5EC8778567}.Debug|Any CPU.Build.0 = Debug|Any CPU
		{2391A94A-9FB3-4592-BE68-0B5EC8778567}.Release|Any CPU.ActiveCfg = Release|Any CPU
		{2391A94A-9FB3-4592-BE68-0B5EC8778567}.Release|Any CPU.Build.0 = Release|Any CPU
	EndGlobalSection
	GlobalSection(SolutionProperties) = preSolution
		HideSolutionNode = FALSE
	EndGlobalSection
	GlobalSection(ExtensibilityGlobals) = postSolution
		SolutionGuid = {462A54D1-DCEA-420F-A38A-EDDFBFBE89BA}
	EndGlobalSection
EndGlobal
