
Microsoft Visual Studio Solution File, Format Version 12.00
# Visual Studio 15
VisualStudioVersion = 15.0.28307.271
MinimumVisualStudioVersion = 10.0.40219.1
Project("{9092AA53-FB77-4645-B42D-1CCCA6BD08BD}") = "EvenandOdd", "EvenandOdd.njsproj", "{F3576C57-0411-45D2-9A0D-F32C2A595AEB}"
EndProject
Global
	GlobalSection(SolutionConfigurationPlatforms) = preSolution
		Debug|Any CPU = Debug|Any CPU
		Release|Any CPU = Release|Any CPU
	EndGlobalSection
	GlobalSection(ProjectConfigurationPlatforms) = postSolution
		{F3576C57-0411-45D2-9A0D-F32C2A595AEB}.Debug|Any CPU.ActiveCfg = Debug|Any CPU
		{F3576C57-0411-45D2-9A0D-F32C2A595AEB}.Debug|Any CPU.Build.0 = Debug|Any CPU
		{F3576C57-0411-45D2-9A0D-F32C2A595AEB}.Release|Any CPU.ActiveCfg = Release|Any CPU
		{F3576C57-0411-45D2-9A0D-F32C2A595AEB}.Release|Any CPU.Build.0 = Release|Any CPU
	EndGlobalSection
	GlobalSection(SolutionProperties) = preSolution
		HideSolutionNode = FALSE
	EndGlobalSection
	GlobalSection(ExtensibilityGlobals) = postSolution
		SolutionGuid = {FB0BC5C8-A3DB-4DDC-89FA-1167FBAA5E08}
	EndGlobalSection
EndGlobal
