
Microsoft Visual Studio Solution File, Format Version 12.00
# Visual Studio 15
VisualStudioVersion = 15.0.28307.271
MinimumVisualStudioVersion = 10.0.40219.1
Project("{9092AA53-FB77-4645-B42D-1CCCA6BD08BD}") = "countOccurencesArray", "countOccurencesArray.njsproj", "{3FE2B2BB-FD8E-402A-8526-CADA38A95FF4}"
EndProject
Global
	GlobalSection(SolutionConfigurationPlatforms) = preSolution
		Debug|Any CPU = Debug|Any CPU
		Release|Any CPU = Release|Any CPU
	EndGlobalSection
	GlobalSection(ProjectConfigurationPlatforms) = postSolution
		{3FE2B2BB-FD8E-402A-8526-CADA38A95FF4}.Debug|Any CPU.ActiveCfg = Debug|Any CPU
		{3FE2B2BB-FD8E-402A-8526-CADA38A95FF4}.Debug|Any CPU.Build.0 = Debug|Any CPU
		{3FE2B2BB-FD8E-402A-8526-CADA38A95FF4}.Release|Any CPU.ActiveCfg = Release|Any CPU
		{3FE2B2BB-FD8E-402A-8526-CADA38A95FF4}.Release|Any CPU.Build.0 = Release|Any CPU
	EndGlobalSection
	GlobalSection(SolutionProperties) = preSolution
		HideSolutionNode = FALSE
	EndGlobalSection
	GlobalSection(ExtensibilityGlobals) = postSolution
		SolutionGuid = {3DA55B96-7CD6-45C8-B148-4E02BCED351C}
	EndGlobalSection
EndGlobal
